
Microsoft Visual Studio Solution File, Format Version 12.00
# Visual Studio Version 17
VisualStudioVersion = 17.9.34728.123
MinimumVisualStudioVersion = 10.0.40219.1
Project("{FAE04EC0-301F-11D3-BF4B-00C04F79EFBC}") = "Hotel", "Hotel\Hotel.csproj", "{B0C4FB94-7E82-4359-BC88-8FF6529B2116}"
EndProject
Global
	GlobalSection(SolutionConfigurationPlatforms) = preSolution
		Debug|Any CPU = Debug|Any CPU
		Release|Any CPU = Release|Any CPU
	EndGlobalSection
	GlobalSection(ProjectConfigurationPlatforms) = postSolution
		{B0C4FB94-7E82-4359-BC88-8FF6529B2116}.Debug|Any CPU.ActiveCfg = Debug|Any CPU
		{B0C4FB94-7E82-4359-BC88-8FF6529B2116}.Debug|Any CPU.Build.0 = Debug|Any CPU
		{B0C4FB94-7E82-4359-BC88-8FF6529B2116}.Release|Any CPU.ActiveCfg = Release|Any CPU
		{B0C4FB94-7E82-4359-BC88-8FF6529B2116}.Release|Any CPU.Build.0 = Release|Any CPU
	EndGlobalSection
	GlobalSection(SolutionProperties) = preSolution
		HideSolutionNode = FALSE
	EndGlobalSection
	GlobalSection(ExtensibilityGlobals) = postSolution
		SolutionGuid = {679621C5-CC69-42E9-AF4F-211DC3367990}
	EndGlobalSection
EndGlobal
